
Microsoft Visual Studio Solution File, Format Version 12.00
# Visual Studio Version 17
VisualStudioVersion = 17.7.34221.43
MinimumVisualStudioVersion = 10.0.40219.1
Project("{9A19103F-16F7-4668-BE54-9A1E7A4F7556}") = "Entities", "Entities\Entities.csproj", "{5E1CDA8B-88A9-430B-86AF-7C87C0B0FDED}"
EndProject
Project("{2150E333-8FDC-42A3-9474-1A3956D46DE8}") = "Entities", "Entities", "{1A96DEA2-E91D-4275-AE2C-C3686AEBC85B}"
EndProject
Project("{2150E333-8FDC-42A3-9474-1A3956D46DE8}") = "Domain", "Domain", "{3C358B3C-33B7-49C0-8523-B6D9DCC5DDD8}"
EndProject
Project("{2150E333-8FDC-42A3-9474-1A3956D46DE8}") = "Helpers", "Helpers", "{88089F2C-96DF-4670-9ADD-9B45085E4ECF}"
EndProject
Project("{2150E333-8FDC-42A3-9474-1A3956D46DE8}") = "Infra", "Infra", "{5E9B7EBB-47A6-4FC2-9A17-44CD43D7CC32}"
EndProject
Project("{9A19103F-16F7-4668-BE54-9A1E7A4F7556}") = "Domain", "Domain\Domain.csproj", "{A392F294-25F5-49BB-9355-BEC297338D5C}"
EndProject
Project("{9A19103F-16F7-4668-BE54-9A1E7A4F7556}") = "Helpers", "Helpers\Helpers.csproj", "{2B1C653A-F08D-45C5-913C-A680AA409A6C}"
EndProject
Project("{9A19103F-16F7-4668-BE54-9A1E7A4F7556}") = "Infra", "Infra\Infra.csproj", "{861389FB-8D93-4F90-842E-D6D204136D06}"
EndProject
Project("{2150E333-8FDC-42A3-9474-1A3956D46DE8}") = "WebApi", "WebApi", "{E02533F1-4458-4112-8858-C487EEC9158E}"
EndProject
Project("{FAE04EC0-301F-11D3-BF4B-00C04F79EFBC}") = "Authetication", "Authetication\Authetication.csproj", "{6E98C8C2-CBB6-4CB0-ACCF-629D74B0DEA4}"
EndProject
Global
	GlobalSection(SolutionConfigurationPlatforms) = preSolution
		Debug|Any CPU = Debug|Any CPU
		Release|Any CPU = Release|Any CPU
	EndGlobalSection
	GlobalSection(ProjectConfigurationPlatforms) = postSolution
		{5E1CDA8B-88A9-430B-86AF-7C87C0B0FDED}.Debug|Any CPU.ActiveCfg = Debug|Any CPU
		{5E1CDA8B-88A9-430B-86AF-7C87C0B0FDED}.Debug|Any CPU.Build.0 = Debug|Any CPU
		{5E1CDA8B-88A9-430B-86AF-7C87C0B0FDED}.Release|Any CPU.ActiveCfg = Release|Any CPU
		{5E1CDA8B-88A9-430B-86AF-7C87C0B0FDED}.Release|Any CPU.Build.0 = Release|Any CPU
		{A392F294-25F5-49BB-9355-BEC297338D5C}.Debug|Any CPU.ActiveCfg = Debug|Any CPU
		{A392F294-25F5-49BB-9355-BEC297338D5C}.Debug|Any CPU.Build.0 = Debug|Any CPU
		{A392F294-25F5-49BB-9355-BEC297338D5C}.Release|Any CPU.ActiveCfg = Release|Any CPU
		{A392F294-25F5-49BB-9355-BEC297338D5C}.Release|Any CPU.Build.0 = Release|Any CPU
		{2B1C653A-F08D-45C5-913C-A680AA409A6C}.Debug|Any CPU.ActiveCfg = Debug|Any CPU
		{2B1C653A-F08D-45C5-913C-A680AA409A6C}.Debug|Any CPU.Build.0 = Debug|Any CPU
		{2B1C653A-F08D-45C5-913C-A680AA409A6C}.Release|Any CPU.ActiveCfg = Release|Any CPU
		{2B1C653A-F08D-45C5-913C-A680AA409A6C}.Release|Any CPU.Build.0 = Release|Any CPU
		{861389FB-8D93-4F90-842E-D6D204136D06}.Debug|Any CPU.ActiveCfg = Debug|Any CPU
		{861389FB-8D93-4F90-842E-D6D204136D06}.Debug|Any CPU.Build.0 = Debug|Any CPU
		{861389FB-8D93-4F90-842E-D6D204136D06}.Release|Any CPU.ActiveCfg = Release|Any CPU
		{861389FB-8D93-4F90-842E-D6D204136D06}.Release|Any CPU.Build.0 = Release|Any CPU
		{6E98C8C2-CBB6-4CB0-ACCF-629D74B0DEA4}.Debug|Any CPU.ActiveCfg = Debug|Any CPU
		{6E98C8C2-CBB6-4CB0-ACCF-629D74B0DEA4}.Debug|Any CPU.Build.0 = Debug|Any CPU
		{6E98C8C2-CBB6-4CB0-ACCF-629D74B0DEA4}.Release|Any CPU.ActiveCfg = Release|Any CPU
		{6E98C8C2-CBB6-4CB0-ACCF-629D74B0DEA4}.Release|Any CPU.Build.0 = Release|Any CPU
	EndGlobalSection
	GlobalSection(SolutionProperties) = preSolution
		HideSolutionNode = FALSE
	EndGlobalSection
	GlobalSection(NestedProjects) = preSolution
		{5E1CDA8B-88A9-430B-86AF-7C87C0B0FDED} = {1A96DEA2-E91D-4275-AE2C-C3686AEBC85B}
		{A392F294-25F5-49BB-9355-BEC297338D5C} = {3C358B3C-33B7-49C0-8523-B6D9DCC5DDD8}
		{2B1C653A-F08D-45C5-913C-A680AA409A6C} = {88089F2C-96DF-4670-9ADD-9B45085E4ECF}
		{861389FB-8D93-4F90-842E-D6D204136D06} = {5E9B7EBB-47A6-4FC2-9A17-44CD43D7CC32}
		{6E98C8C2-CBB6-4CB0-ACCF-629D74B0DEA4} = {E02533F1-4458-4112-8858-C487EEC9158E}
	EndGlobalSection
	GlobalSection(ExtensibilityGlobals) = postSolution
		SolutionGuid = {E8102768-D1B7-4AB1-A73D-78B038CDBAE9}
	EndGlobalSection
EndGlobal
